
Microsoft Visual Studio Solution File, Format Version 12.00
# Visual Studio Version 16
VisualStudioVersion = 16.0.30204.135
MinimumVisualStudioVersion = 10.0.40219.1
Project("{FAE04EC0-301F-11D3-BF4B-00C04F79EFBC}") = "Odontograma", "Odontograma\Odontograma.csproj", "{759CF1FA-979A-4B64-A052-19CEE81A419E}"
EndProject
Global
	GlobalSection(SolutionConfigurationPlatforms) = preSolution
		Debug|Any CPU = Debug|Any CPU
		Release|Any CPU = Release|Any CPU
	EndGlobalSection
	GlobalSection(ProjectConfigurationPlatforms) = postSolution
		{759CF1FA-979A-4B64-A052-19CEE81A419E}.Debug|Any CPU.ActiveCfg = Debug|Any CPU
		{759CF1FA-979A-4B64-A052-19CEE81A419E}.Debug|Any CPU.Build.0 = Debug|Any CPU
		{759CF1FA-979A-4B64-A052-19CEE81A419E}.Release|Any CPU.ActiveCfg = Release|Any CPU
		{759CF1FA-979A-4B64-A052-19CEE81A419E}.Release|Any CPU.Build.0 = Release|Any CPU
	EndGlobalSection
	GlobalSection(SolutionProperties) = preSolution
		HideSolutionNode = FALSE
	EndGlobalSection
	GlobalSection(ExtensibilityGlobals) = postSolution
		SolutionGuid = {E715A61D-2D50-4949-A53B-C24D90C651CD}
	EndGlobalSection
EndGlobal
